github.com/NIR3X/varsizedint v0.0.0-20240114140908-c123e6c42160 h1:fGGYMCPnhweRQKPo2WKfWZSMzcqzff3iTMjGEOo/pNM=
github.com/NIR3X/varsizedint v0.0.0-20240114140908-c123e6c42160/go.mod h1:TusGrG0B8EExPM6Tz8swOtJE+f6McIf4tPY5kDKYBEU=
github.com/NIR3X/varsizedint v0.0.0-20240120165247-1744a5ee7fb9 h1:G4BFNdnTAuVvoiM7+9lqLfY0y/W1iMkgODcLqPzSdSc=
github.com/NIR3X/varsizedint v0.0.0-20240120165247-1744a5ee7fb9/go.mod h1:TusGrG0B8EExPM6Tz8swOtJE+f6McIf4tPY5kDKYBEU=
